// !$*UTF8*$!
{
	archiveVersion = 1;
	classes = {
	};
	objectVersion = 56;
	objects = {

/* Begin PBXBuildFile section */
		DA95F60F2B6D964D00284FC9 /* Alamofire in Frameworks */ = {isa = PBXBuildFile; productRef = DA95F60E2B6D964D00284FC9 /* Alamofire */; };
		DABFDB072B7098BA00CD9852 /* Models.swift in Sources */ = {isa = PBXBuildFile; fileRef = DABFDB062B7098BA00CD9852 /* Models.swift */; };
		DABFDB092B709AA900CD9852 /* AppFeatureTests.swift in Sources */ = {isa = PBXBuildFile; fileRef = DABFDB082B709AA900CD9852 /* AppFeatureTests.swift */; };
		DABFDB0B2B709E4C00CD9852 /* UserListFeatureTests.swift in Sources */ = {isa = PBXBuildFile; fileRef = DABFDB0A2B709E4C00CD9852 /* UserListFeatureTests.swift */; };
		DABFDB0D2B70AE7A00CD9852 /* UserDetailsFeatureTests.swift in Sources */ = {isa = PBXBuildFile; fileRef = DABFDB0C2B70AE7A00CD9852 /* UserDetailsFeatureTests.swift */; };
		DAEF96C62B6B970B004AF890 /* GithubUsersApp.swift in Sources */ = {isa = PBXBuildFile; fileRef = DAEF96C52B6B970B004AF890 /* GithubUsersApp.swift */; };
		DAEF96CA2B6B970D004AF890 /* Assets.xcassets in Resources */ = {isa = PBXBuildFile; fileRef = DAEF96C92B6B970D004AF890 /* Assets.xcassets */; };
		DAEF96CD2B6B970D004AF890 /* Preview Assets.xcassets in Resources */ = {isa = PBXBuildFile; fileRef = DAEF96CC2B6B970D004AF890 /* Preview Assets.xcassets */; };
		DAEF96CF2B6B970D004AF890 /* CoreDataStack.swift in Sources */ = {isa = PBXBuildFile; fileRef = DAEF96CE2B6B970D004AF890 /* CoreDataStack.swift */; };
		DAEF96D22B6B970D004AF890 /* GithubUsers.xcdatamodeld in Sources */ = {isa = PBXBuildFile; fileRef = DAEF96D02B6B970D004AF890 /* GithubUsers.xcdatamodeld */; };
		DAEF96E62B6B970E004AF890 /* GithubUsersUITests.swift in Sources */ = {isa = PBXBuildFile; fileRef = DAEF96E52B6B970E004AF890 /* GithubUsersUITests.swift */; };
		DAEF96E82B6B970E004AF890 /* GithubUsersUITestsLaunchTests.swift in Sources */ = {isa = PBXBuildFile; fileRef = DAEF96E72B6B970E004AF890 /* GithubUsersUITestsLaunchTests.swift */; };
		DAEF96F62B6B9B03004AF890 /* ComposableArchitecture in Frameworks */ = {isa = PBXBuildFile; productRef = DAEF96F52B6B9B03004AF890 /* ComposableArchitecture */; };
		DAEF97002B6B9F63004AF890 /* UserListFeature.swift in Sources */ = {isa = PBXBuildFile; fileRef = DAEF96FF2B6B9F63004AF890 /* UserListFeature.swift */; };
		DAEF97022B6B9F70004AF890 /* UserListView.swift in Sources */ = {isa = PBXBuildFile; fileRef = DAEF97012B6B9F70004AF890 /* UserListView.swift */; };
		DAEF97042B6BAA28004AF890 /* APIClient.swift in Sources */ = {isa = PBXBuildFile; fileRef = DAEF97032B6BAA28004AF890 /* APIClient.swift */; };
		DAEF97062B6C2AB4004AF890 /* CoreDataClient.swift in Sources */ = {isa = PBXBuildFile; fileRef = DAEF97052B6C2AB4004AF890 /* CoreDataClient.swift */; };
		DAEF970A2B6CF346004AF890 /* UserDetailsFeature.swift in Sources */ = {isa = PBXBuildFile; fileRef = DAEF97092B6CF346004AF890 /* UserDetailsFeature.swift */; };
		DAF6A8AD2B6FAE7700D47823 /* Kingfisher in Frameworks */ = {isa = PBXBuildFile; productRef = DAF6A8AC2B6FAE7700D47823 /* Kingfisher */; };
		DAF6A8B02B70147F00D47823 /* AppFeature.swift in Sources */ = {isa = PBXBuildFile; fileRef = DAF6A8AF2B70147F00D47823 /* AppFeature.swift */; };
/* End PBXBuildFile section */

/* Begin PBXContainerItemProxy section */
		DAEF96D82B6B970E004AF890 /* PBXContainerItemProxy */ = {
			isa = PBXContainerItemProxy;
			containerPortal = DAEF96BA2B6B970B004AF890 /* Project object */;
			proxyType = 1;
			remoteGlobalIDString = DAEF96C12B6B970B004AF890;
			remoteInfo = GithubUsers;
		};
		DAEF96E22B6B970E004AF890 /* PBXContainerItemProxy */ = {
			isa = PBXContainerItemProxy;
			containerPortal = DAEF96BA2B6B970B004AF890 /* Project object */;
			proxyType = 1;
			remoteGlobalIDString = DAEF96C12B6B970B004AF890;
			remoteInfo = GithubUsers;
		};
/* End PBXContainerItemProxy section */

/* Begin PBXFileReference section */
		DABFDB062B7098BA00CD9852 /* Models.swift */ = {isa = PBXFileReference; lastKnownFileType = sourcecode.swift; path = Models.swift; sourceTree = "<group>"; };
		DABFDB082B709AA900CD9852 /* AppFeatureTests.swift */ = {isa = PBXFileReference; lastKnownFileType = sourcecode.swift; path = AppFeatureTests.swift; sourceTree = "<group>"; };
		DABFDB0A2B709E4C00CD9852 /* UserListFeatureTests.swift */ = {isa = PBXFileReference; lastKnownFileType = sourcecode.swift; path = UserListFeatureTests.swift; sourceTree = "<group>"; };
		DABFDB0C2B70AE7A00CD9852 /* UserDetailsFeatureTests.swift */ = {isa = PBXFileReference; lastKnownFileType = sourcecode.swift; path = UserDetailsFeatureTests.swift; sourceTree = "<group>"; };
		DAEF96C22B6B970B004AF890 /* GithubUsers.app */ = {isa = PBXFileReference; explicitFileType = wrapper.application; includeInIndex = 0; path = GithubUsers.app; sourceTree = BUILT_PRODUCTS_DIR; };
		DAEF96C52B6B970B004AF890 /* GithubUsersApp.swift */ = {isa = PBXFileReference; lastKnownFileType = sourcecode.swift; path = GithubUsersApp.swift; sourceTree = "<group>"; };
		DAEF96C92B6B970D004AF890 /* Assets.xcassets */ = {isa = PBXFileReference; lastKnownFileType = folder.assetcatalog; path = Assets.xcassets; sourceTree = "<group>"; };
		DAEF96CC2B6B970D004AF890 /* Preview Assets.xcassets */ = {isa = PBXFileReference; lastKnownFileType = folder.assetcatalog; path = "Preview Assets.xcassets"; sourceTree = "<group>"; };
		DAEF96CE2B6B970D004AF890 /* CoreDataStack.swift */ = {isa = PBXFileReference; lastKnownFileType = sourcecode.swift; path = CoreDataStack.swift; sourceTree = "<group>"; };
		DAEF96D12B6B970D004AF890 /* GithubUsers.xcdatamodel */ = {isa = PBXFileReference; lastKnownFileType = wrapper.xcdatamodel; path = GithubUsers.xcdatamodel; sourceTree = "<group>"; };
		DAEF96D72B6B970E004AF890 /* GithubUsersTests.xctest */ = {isa = PBXFileReference; explicitFileType = wrapper.cfbundle; includeInIndex = 0; path = GithubUsersTests.xctest; sourceTree = BUILT_PRODUCTS_DIR; };
		DAEF96E12B6B970E004AF890 /* GithubUsersUITests.xctest */ = {isa = PBXFileReference; explicitFileType = wrapper.cfbundle; includeInIndex = 0; path = GithubUsersUITests.xctest; sourceTree = BUILT_PRODUCTS_DIR; };
		DAEF96E52B6B970E004AF890 /* GithubUsersUITests.swift */ = {isa = PBXFileReference; lastKnownFileType = sourcecode.swift; path = GithubUsersUITests.swift; sourceTree = "<group>"; };
		DAEF96E72B6B970E004AF890 /* GithubUsersUITestsLaunchTests.swift */ = {isa = PBXFileReference; lastKnownFileType = sourcecode.swift; path = GithubUsersUITestsLaunchTests.swift; sourceTree = "<group>"; };
		DAEF96FF2B6B9F63004AF890 /* UserListFeature.swift */ = {isa = PBXFileReference; lastKnownFileType = sourcecode.swift; path = UserListFeature.swift; sourceTree = "<group>"; };
		DAEF97012B6B9F70004AF890 /* UserListView.swift */ = {isa = PBXFileReference; lastKnownFileType = sourcecode.swift; path = UserListView.swift; sourceTree = "<group>"; };
		DAEF97032B6BAA28004AF890 /* APIClient.swift */ = {isa = PBXFileReference; lastKnownFileType = sourcecode.swift; path = APIClient.swift; sourceTree = "<group>"; };
		DAEF97052B6C2AB4004AF890 /* CoreDataClient.swift */ = {isa = PBXFileReference; lastKnownFileType = sourcecode.swift; path = CoreDataClient.swift; sourceTree = "<group>"; };
		DAEF97092B6CF346004AF890 /* UserDetailsFeature.swift */ = {isa = PBXFileReference; lastKnownFileType = sourcecode.swift; path = UserDetailsFeature.swift; sourceTree = "<group>"; };
		DAF6A8AF2B70147F00D47823 /* AppFeature.swift */ = {isa = PBXFileReference; lastKnownFileType = sourcecode.swift; path = AppFeature.swift; sourceTree = "<group>"; };
/* End PBXFileReference section */

/* Begin PBXFrameworksBuildPhase section */
		DAEF96BF2B6B970B004AF890 /* Frameworks */ = {
			isa = PBXFrameworksBuildPhase;
			buildActionMask = 2147483647;
			files = (
				DAF6A8AD2B6FAE7700D47823 /* Kingfisher in Frameworks */,
				DAEF96F62B6B9B03004AF890 /* ComposableArchitecture in Frameworks */,
				DA95F60F2B6D964D00284FC9 /* Alamofire in Frameworks */,
			);
			runOnlyForDeploymentPostprocessing = 0;
		};
		DAEF96D42B6B970E004AF890 /* Frameworks */ = {
			isa = PBXFrameworksBuildPhase;
			buildActionMask = 2147483647;
			files = (
			);
			runOnlyForDeploymentPostprocessing = 0;
		};
		DAEF96DE2B6B970E004AF890 /* Frameworks */ = {
			isa = PBXFrameworksBuildPhase;
			buildActionMask = 2147483647;
			files = (
			);
			runOnlyForDeploymentPostprocessing = 0;
		};
/* End PBXFrameworksBuildPhase section */

/* Begin PBXGroup section */
		DAEF96B92B6B970B004AF890 = {
			isa = PBXGroup;
			children = (
				DAEF96C42B6B970B004AF890 /* GithubUsers */,
				DAEF96DA2B6B970E004AF890 /* GithubUsersTests */,
				DAEF96E42B6B970E004AF890 /* GithubUsersUITests */,
				DAEF96C32B6B970B004AF890 /* Products */,
			);
			sourceTree = "<group>";
		};
		DAEF96C32B6B970B004AF890 /* Products */ = {
			isa = PBXGroup;
			children = (
				DAEF96C22B6B970B004AF890 /* GithubUsers.app */,
				DAEF96D72B6B970E004AF890 /* GithubUsersTests.xctest */,
				DAEF96E12B6B970E004AF890 /* GithubUsersUITests.xctest */,
			);
			name = Products;
			sourceTree = "<group>";
		};
		DAEF96C42B6B970B004AF890 /* GithubUsers */ = {
			isa = PBXGroup;
			children = (
				DAEF96C52B6B970B004AF890 /* GithubUsersApp.swift */,
				DABFDB062B7098BA00CD9852 /* Models.swift */,
				DAEF96FA2B6B9EA5004AF890 /* Features */,
				DAEF96F72B6B9E82004AF890 /* Clients */,
				DAEF96F82B6B9E8D004AF890 /* Storage */,
				DAEF96C92B6B970D004AF890 /* Assets.xcassets */,
				DAEF96CB2B6B970D004AF890 /* Preview Content */,
			);
			path = GithubUsers;
			sourceTree = "<group>";
		};
		DAEF96CB2B6B970D004AF890 /* Preview Content */ = {
			isa = PBXGroup;
			children = (
				DAEF96CC2B6B970D004AF890 /* Preview Assets.xcassets */,
			);
			path = "Preview Content";
			sourceTree = "<group>";
		};
		DAEF96DA2B6B970E004AF890 /* GithubUsersTests */ = {
			isa = PBXGroup;
			children = (
				DABFDB082B709AA900CD9852 /* AppFeatureTests.swift */,
				DABFDB0A2B709E4C00CD9852 /* UserListFeatureTests.swift */,
				DABFDB0C2B70AE7A00CD9852 /* UserDetailsFeatureTests.swift */,
			);
			path = GithubUsersTests;
			sourceTree = "<group>";
		};
		DAEF96E42B6B970E004AF890 /* GithubUsersUITests */ = {
			isa = PBXGroup;
			children = (
				DAEF96E52B6B970E004AF890 /* GithubUsersUITests.swift */,
				DAEF96E72B6B970E004AF890 /* GithubUsersUITestsLaunchTests.swift */,
			);
			path = GithubUsersUITests;
			sourceTree = "<group>";
		};
		DAEF96F72B6B9E82004AF890 /* Clients */ = {
			isa = PBXGroup;
			children = (
				DAEF97032B6BAA28004AF890 /* APIClient.swift */,
				DAEF97052B6C2AB4004AF890 /* CoreDataClient.swift */,
			);
			path = Clients;
			sourceTree = "<group>";
		};
		DAEF96F82B6B9E8D004AF890 /* Storage */ = {
			isa = PBXGroup;
			children = (
				DAEF96CE2B6B970D004AF890 /* CoreDataStack.swift */,
				DAEF96D02B6B970D004AF890 /* GithubUsers.xcdatamodeld */,
			);
			path = Storage;
			sourceTree = "<group>";
		};
		DAEF96FA2B6B9EA5004AF890 /* Features */ = {
			isa = PBXGroup;
			children = (
				DAEF96FB2B6B9F10004AF890 /* UserListFeature */,
				DAF6A8AF2B70147F00D47823 /* AppFeature.swift */,
				DAEF97092B6CF346004AF890 /* UserDetailsFeature.swift */,
			);
			path = Features;
			sourceTree = "<group>";
		};
		DAEF96FB2B6B9F10004AF890 /* UserListFeature */ = {
			isa = PBXGroup;
			children = (
				DAEF96FF2B6B9F63004AF890 /* UserListFeature.swift */,
				DAEF97012B6B9F70004AF890 /* UserListView.swift */,
			);
			path = UserListFeature;
			sourceTree = "<group>";
		};
/* End PBXGroup section */

/* Begin PBXNativeTarget section */
		DAEF96C12B6B970B004AF890 /* GithubUsers */ = {
			isa = PBXNativeTarget;
			buildConfigurationList = DAEF96EB2B6B970E004AF890 /* Build configuration list for PBXNativeTarget "GithubUsers" */;
			buildPhases = (
				DAEF96BE2B6B970B004AF890 /* Sources */,
				DAEF96BF2B6B970B004AF890 /* Frameworks */,
				DAEF96C02B6B970B004AF890 /* Resources */,
			);
			buildRules = (
			);
			dependencies = (
			);
			name = GithubUsers;
			packageProductDependencies = (
				DAEF96F52B6B9B03004AF890 /* ComposableArchitecture */,
				DA95F60E2B6D964D00284FC9 /* Alamofire */,
				DAF6A8AC2B6FAE7700D47823 /* Kingfisher */,
			);
			productName = GithubUsers;
			productReference = DAEF96C22B6B970B004AF890 /* GithubUsers.app */;
			productType = "com.apple.product-type.application";
		};
		DAEF96D62B6B970E004AF890 /* GithubUsersTests */ = {
			isa = PBXNativeTarget;
			buildConfigurationList = DAEF96EE2B6B970E004AF890 /* Build configuration list for PBXNativeTarget "GithubUsersTests" */;
			buildPhases = (
				DAEF96D32B6B970E004AF890 /* Sources */,
				DAEF96D42B6B970E004AF890 /* Frameworks */,
				DAEF96D52B6B970E004AF890 /* Resources */,
			);
			buildRules = (
			);
			dependencies = (
				DAEF96D92B6B970E004AF890 /* PBXTargetDependency */,
			);
			name = GithubUsersTests;
			productName = GithubUsersTests;
			productReference = DAEF96D72B6B970E004AF890 /* GithubUsersTests.xctest */;
			productType = "com.apple.product-type.bundle.unit-test";
		};
		DAEF96E02B6B970E004AF890 /* GithubUsersUITests */ = {
			isa = PBXNativeTarget;
			buildConfigurationList = DAEF96F12B6B970E004AF890 /* Build configuration list for PBXNativeTarget "GithubUsersUITests" */;
			buildPhases = (
				DAEF96DD2B6B970E004AF890 /* Sources */,
				DAEF96DE2B6B970E004AF890 /* Frameworks */,
				DAEF96DF2B6B970E004AF890 /* Resources */,
			);
			buildRules = (
			);
			dependencies = (
				DAEF96E32B6B970E004AF890 /* PBXTargetDependency */,
			);
			name = GithubUsersUITests;
			productName = GithubUsersUITests;
			productReference = DAEF96E12B6B970E004AF890 /* GithubUsersUITests.xctest */;
			productType = "com.apple.product-type.bundle.ui-testing";
		};
/* End PBXNativeTarget section */

/* Begin PBXProject section */
		DAEF96BA2B6B970B004AF890 /* Project object */ = {
			isa = PBXProject;
			attributes = {
				BuildIndependentTargetsInParallel = 1;
				LastSwiftUpdateCheck = 1520;
				LastUpgradeCheck = 1520;
				TargetAttributes = {
					DAEF96C12B6B970B004AF890 = {
						CreatedOnToolsVersion = 15.2;
					};
					DAEF96D62B6B970E004AF890 = {
						CreatedOnToolsVersion = 15.2;
						TestTargetID = DAEF96C12B6B970B004AF890;
					};
					DAEF96E02B6B970E004AF890 = {
						CreatedOnToolsVersion = 15.2;
						TestTargetID = DAEF96C12B6B970B004AF890;
					};
				};
			};
			buildConfigurationList = DAEF96BD2B6B970B004AF890 /* Build configuration list for PBXProject "GithubUsers" */;
			compatibilityVersion = "Xcode 14.0";
			developmentRegion = en;
			hasScannedForEncodings = 0;
			knownRegions = (
				en,
				Base,
			);
			mainGroup = DAEF96B92B6B970B004AF890;
			packageReferences = (
				DAEF96F42B6B9B02004AF890 /* XCRemoteSwiftPackageReference "swift-composable-architecture" */,
				DA95F60D2B6D964D00284FC9 /* XCRemoteSwiftPackageReference "Alamofire" */,
				DAF6A8AB2B6FAE7700D47823 /* XCRemoteSwiftPackageReference "Kingfisher" */,
			);
			productRefGroup = DAEF96C32B6B970B004AF890 /* Products */;
			projectDirPath = "";
			projectRoot = "";
			targets = (
				DAEF96C12B6B970B004AF890 /* GithubUsers */,
				DAEF96D62B6B970E004AF890 /* GithubUsersTests */,
				DAEF96E02B6B970E004AF890 /* GithubUsersUITests */,
			);
		};
/* End PBXProject section */

/* Begin PBXResourcesBuildPhase section */
		DAEF96C02B6B970B004AF890 /* Resources */ = {
			isa = PBXResourcesBuildPhase;
			buildActionMask = 2147483647;
			files = (
				DAEF96CD2B6B970D004AF890 /* Preview Assets.xcassets in Resources */,
				DAEF96CA2B6B970D004AF890 /* Assets.xcassets in Resources */,
			);
			runOnlyForDeploymentPostprocessing = 0;
		};
		DAEF96D52B6B970E004AF890 /* Resources */ = {
			isa = PBXResourcesBuildPhase;
			buildActionMask = 2147483647;
			files = (
			);
			runOnlyForDeploymentPostprocessing = 0;
		};
		DAEF96DF2B6B970E004AF890 /* Resources */ = {
			isa = PBXResourcesBuildPhase;
			buildActionMask = 2147483647;
			files = (
			);
			runOnlyForDeploymentPostprocessing = 0;
		};
/* End PBXResourcesBuildPhase section */

/* Begin PBXSourcesBuildPhase section */
		DAEF96BE2B6B970B004AF890 /* Sources */ = {
			isa = PBXSourcesBuildPhase;
			buildActionMask = 2147483647;
			files = (
				DABFDB072B7098BA00CD9852 /* Models.swift in Sources */,
				DAF6A8B02B70147F00D47823 /* AppFeature.swift in Sources */,
				DAEF96CF2B6B970D004AF890 /* CoreDataStack.swift in Sources */,
				DAEF97062B6C2AB4004AF890 /* CoreDataClient.swift in Sources */,
				DAEF97042B6BAA28004AF890 /* APIClient.swift in Sources */,
				DAEF97022B6B9F70004AF890 /* UserListView.swift in Sources */,
				DAEF97002B6B9F63004AF890 /* UserListFeature.swift in Sources */,
				DAEF970A2B6CF346004AF890 /* UserDetailsFeature.swift in Sources */,
				DAEF96D22B6B970D004AF890 /* GithubUsers.xcdatamodeld in Sources */,
				DAEF96C62B6B970B004AF890 /* GithubUsersApp.swift in Sources */,
			);
			runOnlyForDeploymentPostprocessing = 0;
		};
		DAEF96D32B6B970E004AF890 /* Sources */ = {
			isa = PBXSourcesBuildPhase;
			buildActionMask = 2147483647;
			files = (
				DABFDB092B709AA900CD9852 /* AppFeatureTests.swift in Sources */,
				DABFDB0D2B70AE7A00CD9852 /* UserDetailsFeatureTests.swift in Sources */,
				DABFDB0B2B709E4C00CD9852 /* UserListFeatureTests.swift in Sources */,
			);
			runOnlyForDeploymentPostprocessing = 0;
		};
		DAEF96DD2B6B970E004AF890 /* Sources */ = {
			isa = PBXSourcesBuildPhase;
			buildActionMask = 2147483647;
			files = (
				DAEF96E82B6B970E004AF890 /* GithubUsersUITestsLaunchTests.swift in Sources */,
				DAEF96E62B6B970E004AF890 /* GithubUsersUITests.swift in Sources */,
			);
			runOnlyForDeploymentPostprocessing = 0;
		};
/* End PBXSourcesBuildPhase section */

/* Begin PBXTargetDependency section */
		DAEF96D92B6B970E004AF890 /* PBXTargetDependency */ = {
			isa = PBXTargetDependency;
			target = DAEF96C12B6B970B004AF890 /* GithubUsers */;
			targetProxy = DAEF96D82B6B970E004AF890 /* PBXContainerItemProxy */;
		};
		DAEF96E32B6B970E004AF890 /* PBXTargetDependency */ = {
			isa = PBXTargetDependency;
			target = DAEF96C12B6B970B004AF890 /* GithubUsers */;
			targetProxy = DAEF96E22B6B970E004AF890 /* PBXContainerItemProxy */;
		};
/* End PBXTargetDependency section */

/* Begin XCBuildConfiguration section */
		DAEF96E92B6B970E004AF890 /* Debug */ = {
			isa = XCBuildConfiguration;
			buildSettings = {
				ALWAYS_SEARCH_USER_PATHS = NO;
				ASSETCATALOG_COMPILER_GENERATE_SWIFT_ASSET_SYMBOL_EXTENSIONS = YES;
				CLANG_ANALYZER_NONNULL = YES;
				CLANG_ANALYZER_NUMBER_OBJECT_CONVERSION = YES_AGGRESSIVE;
				CLANG_CXX_LANGUAGE_STANDARD = "gnu++20";
				CLANG_ENABLE_MODULES = YES;
				CLANG_ENABLE_OBJC_ARC = YES;
				CLANG_ENABLE_OBJC_WEAK = YES;
				CLANG_WARN_BLOCK_CAPTURE_AUTORELEASING = YES;
				CLANG_WARN_BOOL_CONVERSION = YES;
				CLANG_WARN_COMMA = YES;
				CLANG_WARN_CONSTANT_CONVERSION = YES;
				CLANG_WARN_DEPRECATED_OBJC_IMPLEMENTATIONS = YES;
				CLANG_WARN_DIRECT_OBJC_ISA_USAGE = YES_ERROR;
				CLANG_WARN_DOCUMENTATION_COMMENTS = YES;
				CLANG_WARN_EMPTY_BODY = YES;
				CLANG_WARN_ENUM_CONVERSION = YES;
				CLANG_WARN_INFINITE_RECURSION = YES;
				CLANG_WARN_INT_CONVERSION = YES;
				CLANG_WARN_NON_LITERAL_NULL_CONVERSION = YES;
				CLANG_WARN_OBJC_IMPLICIT_RETAIN_SELF = YES;
				CLANG_WARN_OBJC_LITERAL_CONVERSION = YES;
				CLANG_WARN_OBJC_ROOT_CLASS = YES_ERROR;
				CLANG_WARN_QUOTED_INCLUDE_IN_FRAMEWORK_HEADER = YES;
				CLANG_WARN_RANGE_LOOP_ANALYSIS = YES;
				CLANG_WARN_STRICT_PROTOTYPES = YES;
				CLANG_WARN_SUSPICIOUS_MOVE = YES;
				CLANG_WARN_UNGUARDED_AVAILABILITY = YES_AGGRESSIVE;
				CLANG_WARN_UNREACHABLE_CODE = YES;
				CLANG_WARN__DUPLICATE_METHOD_MATCH = YES;
				COPY_PHASE_STRIP = NO;
				DEBUG_INFORMATION_FORMAT = dwarf;
				ENABLE_STRICT_OBJC_MSGSEND = YES;
				ENABLE_TESTABILITY = YES;
				ENABLE_USER_SCRIPT_SANDBOXING = YES;
				GCC_C_LANGUAGE_STANDARD = gnu17;
				GCC_DYNAMIC_NO_PIC = NO;
				GCC_NO_COMMON_BLOCKS = YES;
				GCC_OPTIMIZATION_LEVEL = 0;
				GCC_PREPROCESSOR_DEFINITIONS = (
					"DEBUG=1",
					"$(inherited)",
				);
				GCC_WARN_64_TO_32_BIT_CONVERSION = YES;
				GCC_WARN_ABOUT_RETURN_TYPE = YES_ERROR;
				GCC_WARN_UNDECLARED_SELECTOR = YES;
				GCC_WARN_UNINITIALIZED_AUTOS = YES_AGGRESSIVE;
				GCC_WARN_UNUSED_FUNCTION = YES;
				GCC_WARN_UNUSED_VARIABLE = YES;
				IPHONEOS_DEPLOYMENT_TARGET = 17.2;
				LOCALIZATION_PREFERS_STRING_CATALOGS = YES;
				MTL_ENABLE_DEBUG_INFO = INCLUDE_SOURCE;
				MTL_FAST_MATH = YES;
				ONLY_ACTIVE_ARCH = YES;
				SDKROOT = iphoneos;
				SWIFT_ACTIVE_COMPILATION_CONDITIONS = "DEBUG $(inherited)";
				SWIFT_OPTIMIZATION_LEVEL = "-Onone";
			};
			name = Debug;
		};
		DAEF96EA2B6B970E004AF890 /* Release */ = {
			isa = XCBuildConfiguration;
			buildSettings = {
				ALWAYS_SEARCH_USER_PATHS = NO;
				ASSETCATALOG_COMPILER_GENERATE_SWIFT_ASSET_SYMBOL_EXTENSIONS = YES;
				CLANG_ANALYZER_NONNULL = YES;
				CLANG_ANALYZER_NUMBER_OBJECT_CONVERSION = YES_AGGRESSIVE;
				CLANG_CXX_LANGUAGE_STANDARD = "gnu++20";
				CLANG_ENABLE_MODULES = YES;
				CLANG_ENABLE_OBJC_ARC = YES;
				CLANG_ENABLE_OBJC_WEAK = YES;
				CLANG_WARN_BLOCK_CAPTURE_AUTORELEASING = YES;
				CLANG_WARN_BOOL_CONVERSION = YES;
				CLANG_WARN_COMMA = YES;
				CLANG_WARN_CONSTANT_CONVERSION = YES;
				CLANG_WARN_DEPRECATED_OBJC_IMPLEMENTATIONS = YES;
				CLANG_WARN_DIRECT_OBJC_ISA_USAGE = YES_ERROR;
				CLANG_WARN_DOCUMENTATION_COMMENTS = YES;
				CLANG_WARN_EMPTY_BODY = YES;
				CLANG_WARN_ENUM_CONVERSION = YES;
				CLANG_WARN_INFINITE_RECURSION = YES;
				CLANG_WARN_INT_CONVERSION = YES;
				CLANG_WARN_NON_LITERAL_NULL_CONVERSION = YES;
				CLANG_WARN_OBJC_IMPLICIT_RETAIN_SELF = YES;
				CLANG_WARN_OBJC_LITERAL_CONVERSION = YES;
				CLANG_WARN_OBJC_ROOT_CLASS = YES_ERROR;
				CLANG_WARN_QUOTED_INCLUDE_IN_FRAMEWORK_HEADER = YES;
				CLANG_WARN_RANGE_LOOP_ANALYSIS = YES;
				CLANG_WARN_STRICT_PROTOTYPES = YES;
				CLANG_WARN_SUSPICIOUS_MOVE = YES;
				CLANG_WARN_UNGUARDED_AVAILABILITY = YES_AGGRESSIVE;
				CLANG_WARN_UNREACHABLE_CODE = YES;
				CLANG_WARN__DUPLICATE_METHOD_MATCH = YES;
				COPY_PHASE_STRIP = NO;
				DEBUG_INFORMATION_FORMAT = "dwarf-with-dsym";
				ENABLE_NS_ASSERTIONS = NO;
				ENABLE_STRICT_OBJC_MSGSEND = YES;
				ENABLE_USER_SCRIPT_SANDBOXING = YES;
				GCC_C_LANGUAGE_STANDARD = gnu17;
				GCC_NO_COMMON_BLOCKS = YES;
				GCC_WARN_64_TO_32_BIT_CONVERSION = YES;
				GCC_WARN_ABOUT_RETURN_TYPE = YES_ERROR;
				GCC_WARN_UNDECLARED_SELECTOR = YES;
				GCC_WARN_UNINITIALIZED_AUTOS = YES_AGGRESSIVE;
				GCC_WARN_UNUSED_FUNCTION = YES;
				GCC_WARN_UNUSED_VARIABLE = YES;
				IPHONEOS_DEPLOYMENT_TARGET = 17.2;
				LOCALIZATION_PREFERS_STRING_CATALOGS = YES;
				MTL_ENABLE_DEBUG_INFO = NO;
				MTL_FAST_MATH = YES;
				SDKROOT = iphoneos;
				SWIFT_COMPILATION_MODE = wholemodule;
				VALIDATE_PRODUCT = YES;
			};
			name = Release;
		};
		DAEF96EC2B6B970E004AF890 /* Debug */ = {
			isa = XCBuildConfiguration;
			buildSettings = {
				ASSETCATALOG_COMPILER_APPICON_NAME = AppIcon;
				ASSETCATALOG_COMPILER_GLOBAL_ACCENT_COLOR_NAME = AccentColor;
				CODE_SIGN_STYLE = Automatic;
				CURRENT_PROJECT_VERSION = 1;
				DEVELOPMENT_ASSET_PATHS = "\"GithubUsers/Preview Content\"";
				ENABLE_PREVIEWS = YES;
				GENERATE_INFOPLIST_FILE = YES;
				INFOPLIST_KEY_UIApplicationSceneManifest_Generation = YES;
				INFOPLIST_KEY_UIApplicationSupportsIndirectInputEvents = YES;
				INFOPLIST_KEY_UILaunchScreen_Generation = YES;
				INFOPLIST_KEY_UISupportedInterfaceOrientations_iPad = "UIInterfaceOrientationPortrait UIInterfaceOrientationPortraitUpsideDown UIInterfaceOrientationLandscapeLeft UIInterfaceOrientationLandscapeRight";
				INFOPLIST_KEY_UISupportedInterfaceOrientations_iPhone = "UIInterfaceOrientationPortrait UIInterfaceOrientationLandscapeLeft UIInterfaceOrientationLandscapeRight";
				LD_RUNPATH_SEARCH_PATHS = (
					"$(inherited)",
					"@executable_path/Frameworks",
				);
				MARKETING_VERSION = 1.0;
				PRODUCT_BUNDLE_IDENTIFIER = com.ymois.GithubUsers;
				PRODUCT_NAME = "$(TARGET_NAME)";
				SUPPORTED_PLATFORMS = "iphoneos iphonesimulator";
				SUPPORTS_MACCATALYST = NO;
				SUPPORTS_MAC_DESIGNED_FOR_IPHONE_IPAD = NO;
				SUPPORTS_XR_DESIGNED_FOR_IPHONE_IPAD = NO;
				SWIFT_EMIT_LOC_STRINGS = YES;
				SWIFT_VERSION = 5.0;
				TARGETED_DEVICE_FAMILY = "1,2";
			};
			name = Debug;
		};
		DAEF96ED2B6B970E004AF890 /* Release */ = {
			isa = XCBuildConfiguration;
			buildSettings = {
				ASSETCATALOG_COMPILER_APPICON_NAME = AppIcon;
				ASSETCATALOG_COMPILER_GLOBAL_ACCENT_COLOR_NAME = AccentColor;
				CODE_SIGN_STYLE = Automatic;
				CURRENT_PROJECT_VERSION = 1;
				DEVELOPMENT_ASSET_PATHS = "\"GithubUsers/Preview Content\"";
				ENABLE_PREVIEWS = YES;
				GENERATE_INFOPLIST_FILE = YES;
				INFOPLIST_KEY_UIApplicationSceneManifest_Generation = YES;
				INFOPLIST_KEY_UIApplicationSupportsIndirectInputEvents = YES;
				INFOPLIST_KEY_UILaunchScreen_Generation = YES;
				INFOPLIST_KEY_UISupportedInterfaceOrientations_iPad = "UIInterfaceOrientationPortrait UIInterfaceOrientationPortraitUpsideDown UIInterfaceOrientationLandscapeLeft UIInterfaceOrientationLandscapeRight";
				INFOPLIST_KEY_UISupportedInterfaceOrientations_iPhone = "UIInterfaceOrientationPortrait UIInterfaceOrientationLandscapeLeft UIInterfaceOrientationLandscapeRight";
				LD_RUNPATH_SEARCH_PATHS = (
					"$(inherited)",
					"@executable_path/Frameworks",
				);
				MARKETING_VERSION = 1.0;
				PRODUCT_BUNDLE_IDENTIFIER = com.ymois.GithubUsers;
				PRODUCT_NAME = "$(TARGET_NAME)";
				SUPPORTED_PLATFORMS = "iphoneos iphonesimulator";
				SUPPORTS_MACCATALYST = NO;
				SUPPORTS_MAC_DESIGNED_FOR_IPHONE_IPAD = NO;
				SUPPORTS_XR_DESIGNED_FOR_IPHONE_IPAD = NO;
				SWIFT_EMIT_LOC_STRINGS = YES;
				SWIFT_VERSION = 5.0;
				TARGETED_DEVICE_FAMILY = "1,2";
			};
			name = Release;
		};
		DAEF96EF2B6B970E004AF890 /* Debug */ = {
			isa = XCBuildConfiguration;
			buildSettings = {
				ALWAYS_EMBED_SWIFT_STANDARD_LIBRARIES = YES;
				BUNDLE_LOADER = "$(TEST_HOST)";
				CODE_SIGN_STYLE = Automatic;
				CURRENT_PROJECT_VERSION = 1;
				GENERATE_INFOPLIST_FILE = YES;
				IPHONEOS_DEPLOYMENT_TARGET = 17.2;
				MARKETING_VERSION = 1.0;
				PRODUCT_BUNDLE_IDENTIFIER = com.ymois.GithubUsersTests;
				PRODUCT_NAME = "$(TARGET_NAME)";
				SWIFT_EMIT_LOC_STRINGS = NO;
				SWIFT_VERSION = 5.0;
				TARGETED_DEVICE_FAMILY = "1,2";
				TEST_HOST = "$(BUILT_PRODUCTS_DIR)/GithubUsers.app/$(BUNDLE_EXECUTABLE_FOLDER_PATH)/GithubUsers";
			};
			name = Debug;
		};
		DAEF96F02B6B970E004AF890 /* Release */ = {
			isa = XCBuildConfiguration;
			buildSettings = {
				ALWAYS_EMBED_SWIFT_STANDARD_LIBRARIES = YES;
				BUNDLE_LOADER = "$(TEST_HOST)";
				CODE_SIGN_STYLE = Automatic;
				CURRENT_PROJECT_VERSION = 1;
				GENERATE_INFOPLIST_FILE = YES;
				IPHONEOS_DEPLOYMENT_TARGET = 17.2;
				MARKETING_VERSION = 1.0;
				PRODUCT_BUNDLE_IDENTIFIER = com.ymois.GithubUsersTests;
				PRODUCT_NAME = "$(TARGET_NAME)";
				SWIFT_EMIT_LOC_STRINGS = NO;
				SWIFT_VERSION = 5.0;
				TARGETED_DEVICE_FAMILY = "1,2";
				TEST_HOST = "$(BUILT_PRODUCTS_DIR)/GithubUsers.app/$(BUNDLE_EXECUTABLE_FOLDER_PATH)/GithubUsers";
			};
			name = Release;
		};
		DAEF96F22B6B970E004AF890 /* Debug */ = {
			isa = XCBuildConfiguration;
			buildSettings = {
				ALWAYS_EMBED_SWIFT_STANDARD_LIBRARIES = YES;
				CODE_SIGN_STYLE = Automatic;
				CURRENT_PROJECT_VERSION = 1;
				GENERATE_INFOPLIST_FILE = YES;
				MARKETING_VERSION = 1.0;
				PRODUCT_BUNDLE_IDENTIFIER = com.ymois.GithubUsersUITests;
				PRODUCT_NAME = "$(TARGET_NAME)";
				SWIFT_EMIT_LOC_STRINGS = NO;
				SWIFT_VERSION = 5.0;
				TARGETED_DEVICE_FAMILY = "1,2";
				TEST_TARGET_NAME = GithubUsers;
			};
			name = Debug;
		};
		DAEF96F32B6B970E004AF890 /* Release */ = {
			isa = XCBuildConfiguration;
			buildSettings = {
				ALWAYS_EMBED_SWIFT_STANDARD_LIBRARIES = YES;
				CODE_SIGN_STYLE = Automatic;
				CURRENT_PROJECT_VERSION = 1;
				GENERATE_INFOPLIST_FILE = YES;
				MARKETING_VERSION = 1.0;
				PRODUCT_BUNDLE_IDENTIFIER = com.ymois.GithubUsersUITests;
				PRODUCT_NAME = "$(TARGET_NAME)";
				SWIFT_EMIT_LOC_STRINGS = NO;
				SWIFT_VERSION = 5.0;
				TARGETED_DEVICE_FAMILY = "1,2";
				TEST_TARGET_NAME = GithubUsers;
			};
			name = Release;
		};
/* End XCBuildConfiguration section */

/* Begin XCConfigurationList section */
		DAEF96BD2B6B970B004AF890 /* Build configuration list for PBXProject "GithubUsers" */ = {
			isa = XCConfigurationList;
			buildConfigurations = (
				DAEF96E92B6B970E004AF890 /* Debug */,
				DAEF96EA2B6B970E004AF890 /* Release */,
			);
			defaultConfigurationIsVisible = 0;
			defaultConfigurationName = Release;
		};
		DAEF96EB2B6B970E004AF890 /* Build configuration list for PBXNativeTarget "GithubUsers" */ = {
			isa = XCConfigurationList;
			buildConfigurations = (
				DAEF96EC2B6B970E004AF890 /* Debug */,
				DAEF96ED2B6B970E004AF890 /* Release */,
			);
			defaultConfigurationIsVisible = 0;
			defaultConfigurationName = Release;
		};
		DAEF96EE2B6B970E004AF890 /* Build configuration list for PBXNativeTarget "GithubUsersTests" */ = {
			isa = XCConfigurationList;
			buildConfigurations = (
				DAEF96EF2B6B970E004AF890 /* Debug */,
				DAEF96F02B6B970E004AF890 /* Release */,
			);
			defaultConfigurationIsVisible = 0;
			defaultConfigurationName = Release;
		};
		DAEF96F12B6B970E004AF890 /* Build configuration list for PBXNativeTarget "GithubUsersUITests" */ = {
			isa = XCConfigurationList;
			buildConfigurations = (
				DAEF96F22B6B970E004AF890 /* Debug */,
				DAEF96F32B6B970E004AF890 /* Release */,
			);
			defaultConfigurationIsVisible = 0;
			defaultConfigurationName = Release;
		};
/* End XCConfigurationList section */

/* Begin XCRemoteSwiftPackageReference section */
		DA95F60D2B6D964D00284FC9 /* XCRemoteSwiftPackageReference "Alamofire" */ = {
			isa = XCRemoteSwiftPackageReference;
			repositoryURL = "https://github.com/Alamofire/Alamofire";
			requirement = {
				kind = upToNextMajorVersion;
				minimumVersion = 5.8.1;
			};
		};
		DAEF96F42B6B9B02004AF890 /* XCRemoteSwiftPackageReference "swift-composable-architecture" */ = {
			isa = XCRemoteSwiftPackageReference;
			repositoryURL = "https://github.com/pointfreeco/swift-composable-architecture";
			requirement = {
				kind = upToNextMajorVersion;
				minimumVersion = 1.7.2;
			};
		};
		DAF6A8AB2B6FAE7700D47823 /* XCRemoteSwiftPackageReference "Kingfisher" */ = {
			isa = XCRemoteSwiftPackageReference;
			repositoryURL = "https://github.com/onevcat/Kingfisher";
			requirement = {
				kind = upToNextMajorVersion;
				minimumVersion = 7.10.2;
			};
		};
/* End XCRemoteSwiftPackageReference section */

/* Begin XCSwiftPackageProductDependency section */
		DA95F60E2B6D964D00284FC9 /* Alamofire */ = {
			isa = XCSwiftPackageProductDependency;
			package = DA95F60D2B6D964D00284FC9 /* XCRemoteSwiftPackageReference "Alamofire" */;
			productName = Alamofire;
		};
		DAEF96F52B6B9B03004AF890 /* ComposableArchitecture */ = {
			isa = XCSwiftPackageProductDependency;
			package = DAEF96F42B6B9B02004AF890 /* XCRemoteSwiftPackageReference "swift-composable-architecture" */;
			productName = ComposableArchitecture;
		};
		DAF6A8AC2B6FAE7700D47823 /* Kingfisher */ = {
			isa = XCSwiftPackageProductDependency;
			package = DAF6A8AB2B6FAE7700D47823 /* XCRemoteSwiftPackageReference "Kingfisher" */;
			productName = Kingfisher;
		};
/* End XCSwiftPackageProductDependency section */

/* Begin XCVersionGroup section */
		DAEF96D02B6B970D004AF890 /* GithubUsers.xcdatamodeld */ = {
			isa = XCVersionGroup;
			children = (
				DAEF96D12B6B970D004AF890 /* GithubUsers.xcdatamodel */,
			);
			currentVersion = DAEF96D12B6B970D004AF890 /* GithubUsers.xcdatamodel */;
			path = GithubUsers.xcdatamodeld;
			sourceTree = "<group>";
			versionGroupType = wrapper.xcdatamodel;
		};
/* End XCVersionGroup section */
	};
	rootObject = DAEF96BA2B6B970B004AF890 /* Project object */;
}
